
Microsoft Visual Studio Solution File, Format Version 12.00
# Visual Studio Version 16
VisualStudioVersion = 16.0.29806.167
MinimumVisualStudioVersion = 10.0.40219.1
Project("{FAE04EC0-301F-11D3-BF4B-00C04F79EFBC}") = "conver_HI_to_buitup", "conver_HI_to_buitup\conver_HI_to_buitup.csproj", "{52B87E9E-A01C-46D2-85E0-DB6841040934}"
EndProject
Global
	GlobalSection(SolutionConfigurationPlatforms) = preSolution
		Debug|Any CPU = Debug|Any CPU
		Release|Any CPU = Release|Any CPU
	EndGlobalSection
	GlobalSection(ProjectConfigurationPlatforms) = postSolution
		{52B87E9E-A01C-46D2-85E0-DB6841040934}.Debug|Any CPU.ActiveCfg = Debug|Any CPU
		{52B87E9E-A01C-46D2-85E0-DB6841040934}.Debug|Any CPU.Build.0 = Debug|Any CPU
		{52B87E9E-A01C-46D2-85E0-DB6841040934}.Release|Any CPU.ActiveCfg = Release|Any CPU
		{52B87E9E-A01C-46D2-85E0-DB6841040934}.Release|Any CPU.Build.0 = Release|Any CPU
	EndGlobalSection
	GlobalSection(SolutionProperties) = preSolution
		HideSolutionNode = FALSE
	EndGlobalSection
	GlobalSection(ExtensibilityGlobals) = postSolution
		SolutionGuid = {A64119E5-2F7A-4FAE-B224-5D443D04F3DB}
	EndGlobalSection
EndGlobal
